
Microsoft Visual Studio Solution File, Format Version 12.00
# Visual Studio 14
VisualStudioVersion = 14.0.25420.1
MinimumVisualStudioVersion = 10.0.40219.1
Project("{FAE04EC0-301F-11D3-BF4B-00C04F79EFBC}") = "XmlLit", "XmlLit\XmlLit.csproj", "{81E76CF5-DDF7-4465-9D3B-1ACB0285D851}"
EndProject
Project("{FAE04EC0-301F-11D3-BF4B-00C04F79EFBC}") = "XmlLit.Tests", "XmlLit.Tests\XmlLit.Tests.csproj", "{0E869E76-C33D-44B2-92C3-D9D032B34537}"
EndProject
Global
	GlobalSection(SolutionConfigurationPlatforms) = preSolution
		Debug|Any CPU = Debug|Any CPU
		Release|Any CPU = Release|Any CPU
	EndGlobalSection
	GlobalSection(ProjectConfigurationPlatforms) = postSolution
		{81E76CF5-DDF7-4465-9D3B-1ACB0285D851}.Debug|Any CPU.ActiveCfg = Debug|Any CPU
		{81E76CF5-DDF7-4465-9D3B-1ACB0285D851}.Debug|Any CPU.Build.0 = Debug|Any CPU
		{81E76CF5-DDF7-4465-9D3B-1ACB0285D851}.Release|Any CPU.ActiveCfg = Release|Any CPU
		{81E76CF5-DDF7-4465-9D3B-1ACB0285D851}.Release|Any CPU.Build.0 = Release|Any CPU
		{0E869E76-C33D-44B2-92C3-D9D032B34537}.Debug|Any CPU.ActiveCfg = Debug|Any CPU
		{0E869E76-C33D-44B2-92C3-D9D032B34537}.Debug|Any CPU.Build.0 = Debug|Any CPU
		{0E869E76-C33D-44B2-92C3-D9D032B34537}.Release|Any CPU.ActiveCfg = Release|Any CPU
		{0E869E76-C33D-44B2-92C3-D9D032B34537}.Release|Any CPU.Build.0 = Release|Any CPU
	EndGlobalSection
	GlobalSection(SolutionProperties) = preSolution
		HideSolutionNode = FALSE
	EndGlobalSection
EndGlobal
